
Microsoft Visual Studio Solution File, Format Version 12.00
# Visual Studio 15
VisualStudioVersion = 15.0.28010.2041
MinimumVisualStudioVersion = 10.0.40219.1
Project("{FAE04EC0-301F-11D3-BF4B-00C04F79EFBC}") = "Timer", "NET1.A.2018.Petrovich.12\Timer.csproj", "{7BB14FDE-3A09-4129-9112-98DF1BBF4BA7}"
EndProject
Project("{FAE04EC0-301F-11D3-BF4B-00C04F79EFBC}") = "ConsoleTimer", "ConsoleTimer\ConsoleTimer.csproj", "{261A174B-79A1-40B9-9109-BCD825074BD4}"
EndProject
Project("{FAE04EC0-301F-11D3-BF4B-00C04F79EFBC}") = "TimerListener", "TimerObservers\TimerListener.csproj", "{26869B1E-DD3E-4FA1-8756-51FD40EB9A12}"
EndProject
Global
	GlobalSection(SolutionConfigurationPlatforms) = preSolution
		Debug|Any CPU = Debug|Any CPU
		Release|Any CPU = Release|Any CPU
	EndGlobalSection
	GlobalSection(ProjectConfigurationPlatforms) = postSolution
		{7BB14FDE-3A09-4129-9112-98DF1BBF4BA7}.Debug|Any CPU.ActiveCfg = Debug|Any CPU
		{7BB14FDE-3A09-4129-9112-98DF1BBF4BA7}.Debug|Any CPU.Build.0 = Debug|Any CPU
		{7BB14FDE-3A09-4129-9112-98DF1BBF4BA7}.Release|Any CPU.ActiveCfg = Release|Any CPU
		{7BB14FDE-3A09-4129-9112-98DF1BBF4BA7}.Release|Any CPU.Build.0 = Release|Any CPU
		{261A174B-79A1-40B9-9109-BCD825074BD4}.Debug|Any CPU.ActiveCfg = Debug|Any CPU
		{261A174B-79A1-40B9-9109-BCD825074BD4}.Debug|Any CPU.Build.0 = Debug|Any CPU
		{261A174B-79A1-40B9-9109-BCD825074BD4}.Release|Any CPU.ActiveCfg = Release|Any CPU
		{261A174B-79A1-40B9-9109-BCD825074BD4}.Release|Any CPU.Build.0 = Release|Any CPU
		{26869B1E-DD3E-4FA1-8756-51FD40EB9A12}.Debug|Any CPU.ActiveCfg = Debug|Any CPU
		{26869B1E-DD3E-4FA1-8756-51FD40EB9A12}.Debug|Any CPU.Build.0 = Debug|Any CPU
		{26869B1E-DD3E-4FA1-8756-51FD40EB9A12}.Release|Any CPU.ActiveCfg = Release|Any CPU
		{26869B1E-DD3E-4FA1-8756-51FD40EB9A12}.Release|Any CPU.Build.0 = Release|Any CPU
	EndGlobalSection
	GlobalSection(SolutionProperties) = preSolution
		HideSolutionNode = FALSE
	EndGlobalSection
	GlobalSection(ExtensibilityGlobals) = postSolution
		SolutionGuid = {08332DA0-D88C-4682-923D-7BE59BACA835}
	EndGlobalSection
EndGlobal
